
Microsoft Visual Studio Solution File, Format Version 12.00
# Visual Studio Version 17
VisualStudioVersion = 17.4.33213.308
MinimumVisualStudioVersion = 10.0.40219.1
Project("{FAE04EC0-301F-11D3-BF4B-00C04F79EFBC}") = "KeyTest", "KeyTest\KeyTest.csproj", "{94F35515-5106-4A66-8F2A-A2B48ABA55BB}"
EndProject
Global
	GlobalSection(SolutionConfigurationPlatforms) = preSolution
		Debug|Any CPU = Debug|Any CPU
		Release|Any CPU = Release|Any CPU
	EndGlobalSection
	GlobalSection(ProjectConfigurationPlatforms) = postSolution
		{94F35515-5106-4A66-8F2A-A2B48ABA55BB}.Debug|Any CPU.ActiveCfg = Debug|Any CPU
		{94F35515-5106-4A66-8F2A-A2B48ABA55BB}.Debug|Any CPU.Build.0 = Debug|Any CPU
		{94F35515-5106-4A66-8F2A-A2B48ABA55BB}.Release|Any CPU.ActiveCfg = Release|Any CPU
		{94F35515-5106-4A66-8F2A-A2B48ABA55BB}.Release|Any CPU.Build.0 = Release|Any CPU
	EndGlobalSection
	GlobalSection(SolutionProperties) = preSolution
		HideSolutionNode = FALSE
	EndGlobalSection
	GlobalSection(ExtensibilityGlobals) = postSolution
		SolutionGuid = {F5245BCC-AF01-498F-8C16-05D41D1366BE}
	EndGlobalSection
EndGlobal
